
Microsoft Visual Studio Solution File, Format Version 12.00
# Visual Studio Version 16
VisualStudioVersion = 16.0.31515.178
MinimumVisualStudioVersion = 10.0.40219.1
Project("{FAE04EC0-301F-11D3-BF4B-00C04F79EFBC}") = "ProjectManagement", "ProjectManagement.csproj", "{83974D20-2874-45FC-B21A-156CB6D440CC}"
EndProject
Global
	GlobalSection(SolutionConfigurationPlatforms) = preSolution
		Debug|Any CPU = Debug|Any CPU
		Release|Any CPU = Release|Any CPU
	EndGlobalSection
	GlobalSection(ProjectConfigurationPlatforms) = postSolution
		{83974D20-2874-45FC-B21A-156CB6D440CC}.Debug|Any CPU.ActiveCfg = Debug|Any CPU
		{83974D20-2874-45FC-B21A-156CB6D440CC}.Debug|Any CPU.Build.0 = Debug|Any CPU
		{83974D20-2874-45FC-B21A-156CB6D440CC}.Release|Any CPU.ActiveCfg = Release|Any CPU
		{83974D20-2874-45FC-B21A-156CB6D440CC}.Release|Any CPU.Build.0 = Release|Any CPU
	EndGlobalSection
	GlobalSection(SolutionProperties) = preSolution
		HideSolutionNode = FALSE
	EndGlobalSection
	GlobalSection(ExtensibilityGlobals) = postSolution
		SolutionGuid = {770FD7A1-028C-4C26-90F7-A5187B502967}
	EndGlobalSection
EndGlobal
